
Microsoft Visual Studio Solution File, Format Version 12.00
# Visual Studio Version 17
VisualStudioVersion = 17.0.31612.314
MinimumVisualStudioVersion = 10.0.40219.1
Project("{9A19103F-16F7-4668-BE54-9A1E7A4F7556}") = "LLDSA", "LLDSA\LLDSA.csproj", "{4EC1E50A-3221-4198-BAC3-F9E2D505B116}"
EndProject
Project("{9A19103F-16F7-4668-BE54-9A1E7A4F7556}") = "LLSDA.Tests", "LLSDA.Tests\LLSDA.Tests.csproj", "{4178CBB7-74E0-4A8A-BDDC-6E51EE8C0A23}"
EndProject
Project("{FAE04EC0-301F-11D3-BF4B-00C04F79EFBC}") = "LLSDA.Client.WinformApp", "LLSDA.Client\LLSDA.Client.WinformApp\LLSDA.Client.WinformApp\LLSDA.Client.WinformApp.csproj", "{6A7FEF0A-05F2-411C-A18C-D2F06E59A03D}"
	ProjectSection(ProjectDependencies) = postProject
		{4EC1E50A-3221-4198-BAC3-F9E2D505B116} = {4EC1E50A-3221-4198-BAC3-F9E2D505B116}
	EndProjectSection
EndProject
Project("{FAE04EC0-301F-11D3-BF4B-00C04F79EFBC}") = "MeteoInfoControlLibrary", "LLSDA.Client\LLSDA.Client.Winform.MeteoInfoControlLibrary\MeteoInfoControlLibrary.csproj", "{1046AF00-33E8-4D38-A034-D024988CEBBE}"
EndProject
Global
	GlobalSection(SolutionConfigurationPlatforms) = preSolution
		Debug|Any CPU = Debug|Any CPU
		Release|Any CPU = Release|Any CPU
	EndGlobalSection
	GlobalSection(ProjectConfigurationPlatforms) = postSolution
		{4EC1E50A-3221-4198-BAC3-F9E2D505B116}.Debug|Any CPU.ActiveCfg = Debug|Any CPU
		{4EC1E50A-3221-4198-BAC3-F9E2D505B116}.Debug|Any CPU.Build.0 = Debug|Any CPU
		{4EC1E50A-3221-4198-BAC3-F9E2D505B116}.Release|Any CPU.ActiveCfg = Release|Any CPU
		{4EC1E50A-3221-4198-BAC3-F9E2D505B116}.Release|Any CPU.Build.0 = Release|Any CPU
		{4178CBB7-74E0-4A8A-BDDC-6E51EE8C0A23}.Debug|Any CPU.ActiveCfg = Debug|Any CPU
		{4178CBB7-74E0-4A8A-BDDC-6E51EE8C0A23}.Debug|Any CPU.Build.0 = Debug|Any CPU
		{4178CBB7-74E0-4A8A-BDDC-6E51EE8C0A23}.Release|Any CPU.ActiveCfg = Release|Any CPU
		{4178CBB7-74E0-4A8A-BDDC-6E51EE8C0A23}.Release|Any CPU.Build.0 = Release|Any CPU
		{6A7FEF0A-05F2-411C-A18C-D2F06E59A03D}.Debug|Any CPU.ActiveCfg = Debug|Any CPU
		{6A7FEF0A-05F2-411C-A18C-D2F06E59A03D}.Debug|Any CPU.Build.0 = Debug|Any CPU
		{6A7FEF0A-05F2-411C-A18C-D2F06E59A03D}.Release|Any CPU.ActiveCfg = Release|Any CPU
		{6A7FEF0A-05F2-411C-A18C-D2F06E59A03D}.Release|Any CPU.Build.0 = Release|Any CPU
		{1046AF00-33E8-4D38-A034-D024988CEBBE}.Debug|Any CPU.ActiveCfg = Debug|Any CPU
		{1046AF00-33E8-4D38-A034-D024988CEBBE}.Debug|Any CPU.Build.0 = Debug|Any CPU
		{1046AF00-33E8-4D38-A034-D024988CEBBE}.Release|Any CPU.ActiveCfg = Release|Any CPU
		{1046AF00-33E8-4D38-A034-D024988CEBBE}.Release|Any CPU.Build.0 = Release|Any CPU
	EndGlobalSection
	GlobalSection(SolutionProperties) = preSolution
		HideSolutionNode = FALSE
	EndGlobalSection
	GlobalSection(ExtensibilityGlobals) = postSolution
		SolutionGuid = {FD10063E-4ABE-419D-A5E6-731C641AB925}
	EndGlobalSection
EndGlobal
